Microsoft Visual Studio Solution File, Format Version 11.00
# Visual Studio 2008

Project("{B2A5042F-BD14-5212-A3D0-CF0F9ED9D39B}") = "Harvest Moom", "Assembly-CSharp.csproj", "{585B220F-8EDB-D0B9-E481-431E6544E827}"
EndProject
Global
	GlobalSection(SolutionConfigurationPlatforms) = preSolution
		Debug|Any CPU = Debug|Any CPU
		Release|Any CPU = Release|Any CPU
	EndGlobalSection
	GlobalSection(ProjectConfigurationPlatforms) = postSolution
		{585B220F-8EDB-D0B9-E481-431E6544E827}.Debug|Any CPU.ActiveCfg = Debug|Any CPU
		{585B220F-8EDB-D0B9-E481-431E6544E827}.Debug|Any CPU.Build.0 = Debug|Any CPU
		{585B220F-8EDB-D0B9-E481-431E6544E827}.Release|Any CPU.ActiveCfg = Release|Any CPU
		{585B220F-8EDB-D0B9-E481-431E6544E827}.Release|Any CPU.Build.0 = Release|Any CPU
	EndGlobalSection
	GlobalSection(SolutionProperties) = preSolution
		HideSolutionNode = FALSE
	EndGlobalSection
	GlobalSection(MonoDevelopProperties) = preSolution
		StartupItem = Assembly-CSharp.csproj
	EndGlobalSection
EndGlobal
